// !$*UTF8*$!
{
	archiveVersion = 1;
	classes = {
	};
	objectVersion = 46;
	objects = {

/* Begin PBXBuildFile section */
		712E1A0F1B8A1203008CF2ED /* BundleResources.swift in Sources */ = {isa = PBXBuildFile; fileRef = 712E1A0E1B8A1203008CF2ED /* BundleResources.swift */; };
		712E1A111B8A1FBC008CF2ED /* WebView.swift in Sources */ = {isa = PBXBuildFile; fileRef = 712E1A101B8A1FBC008CF2ED /* WebView.swift */; };
		714D37C21B8B658A00D6CAFC /* NSDictionaryHelper.swift in Sources */ = {isa = PBXBuildFile; fileRef = 714D37C11B8B658A00D6CAFC /* NSDictionaryHelper.swift */; };
		7153F5051B8E557E0067A636 /* index.html in Resources */ = {isa = PBXBuildFile; fileRef = 71DC9D401B8E3DF600F69342 /* index.html */; };
		718E477A1B88A00B00540B81 /* AppDelegate.swift in Sources */ = {isa = PBXBuildFile; fileRef = 718E47791B88A00B00540B81 /* AppDelegate.swift */; };
		718E477C1B88A00C00540B81 /* Assets.xcassets in Resources */ = {isa = PBXBuildFile; fileRef = 718E477B1B88A00C00540B81 /* Assets.xcassets */; };
		718E477F1B88A00C00540B81 /* MainMenu.xib in Resources */ = {isa = PBXBuildFile; fileRef = 718E477D1B88A00C00540B81 /* MainMenu.xib */; };
		71E6EE291B891DEE0009A25F /* JSBridge.swift in Sources */ = {isa = PBXBuildFile; fileRef = 71E6EE281B891DEE0009A25F /* JSBridge.swift */; };
		71E6EE2B1B8923DF0009A25F /* init.swift in Sources */ = {isa = PBXBuildFile; fileRef = 71E6EE2A1B8923DF0009A25F /* init.swift */; };
		71E6EE2D1B892BA50009A25F /* JSBridgeExports.swift in Sources */ = {isa = PBXBuildFile; fileRef = 71E6EE2C1B892BA50009A25F /* JSBridgeExports.swift */; };
/* End PBXBuildFile section */

/* Begin PBXFileReference section */
		712E1A0E1B8A1203008CF2ED /* BundleResources.swift */ = {isa = PBXFileReference; fileEncoding = 4; lastKnownFileType = sourcecode.swift; path = BundleResources.swift; sourceTree = "<group>"; };
		712E1A101B8A1FBC008CF2ED /* WebView.swift */ = {isa = PBXFileReference; fileEncoding = 4; lastKnownFileType = sourcecode.swift; path = WebView.swift; sourceTree = "<group>"; };
		714D37C11B8B658A00D6CAFC /* NSDictionaryHelper.swift */ = {isa = PBXFileReference; fileEncoding = 4; lastKnownFileType = sourcecode.swift; path = NSDictionaryHelper.swift; sourceTree = "<group>"; };
		718E47761B88A00B00540B81 /* SoundWarp.app */ = {isa = PBXFileReference; explicitFileType = wrapper.application; includeInIndex = 0; path = SoundWarp.app; sourceTree = BUILT_PRODUCTS_DIR; };
		718E47791B88A00B00540B81 /* AppDelegate.swift */ = {isa = PBXFileReference; lastKnownFileType = sourcecode.swift; path = AppDelegate.swift; sourceTree = "<group>"; };
		718E477B1B88A00C00540B81 /* Assets.xcassets */ = {isa = PBXFileReference; lastKnownFileType = folder.assetcatalog; path = Assets.xcassets; sourceTree = "<group>"; };
		718E477E1B88A00C00540B81 /* Base */ = {isa = PBXFileReference; lastKnownFileType = file.xib; name = Base; path = Base.lproj/MainMenu.xib; sourceTree = "<group>"; };
		718E47801B88A00C00540B81 /* Info.plist */ = {isa = PBXFileReference; lastKnownFileType = text.plist.xml; path = Info.plist; sourceTree = "<group>"; };
		71DC9D3D1B8E3DF600F69342 /* .eslintrc */ = {isa = PBXFileReference; fileEncoding = 4; lastKnownFileType = text; path = .eslintrc; sourceTree = "<group>"; };
		71DC9D3E1B8E3DF600F69342 /* .gitignore */ = {isa = PBXFileReference; fileEncoding = 4; lastKnownFileType = text; path = .gitignore; sourceTree = "<group>"; };
		71DC9D401B8E3DF600F69342 /* index.html */ = {isa = PBXFileReference; fileEncoding = 4; lastKnownFileType = text.html; path = index.html; sourceTree = "<group>"; };
		71DC9D411B8E3DF600F69342 /* gulpfile.js */ = {isa = PBXFileReference; fileEncoding = 4; lastKnownFileType = sourcecode.javascript; path = gulpfile.js; sourceTree = "<group>"; };
		71DCD5451B8E3E1800F69342 /* package.json */ = {isa = PBXFileReference; fileEncoding = 4; lastKnownFileType = text.json; path = package.json; sourceTree = "<group>"; };
		71DCD5481B8E3E1800F69342 /* glyphicons.css */ = {isa = PBXFileReference; fileEncoding = 4; lastKnownFileType = text.css; path = glyphicons.css; sourceTree = "<group>"; };
		71DCD5491B8E3E1800F69342 /* styles.css */ = {isa = PBXFileReference; fileEncoding = 4; lastKnownFileType = text.css; path = styles.css; sourceTree = "<group>"; };
		71DCD54C1B8E3E1800F69342 /* index.html */ = {isa = PBXFileReference; fileEncoding = 4; lastKnownFileType = text.html; path = index.html; sourceTree = "<group>"; };
		71DCD54E1B8E3E1800F69342 /* app_bridge.js */ = {isa = PBXFileReference; fileEncoding = 4; lastKnownFileType = sourcecode.javascript; path = app_bridge.js; sourceTree = "<group>"; };
		71DCD5501B8E3E1800F69342 /* default.js */ = {isa = PBXFileReference; fileEncoding = 4; lastKnownFileType = sourcecode.javascript; path = default.js; sourceTree = "<group>"; };
		71DCD5521B8E3E1800F69342 /* gutil.js */ = {isa = PBXFileReference; fileEncoding = 4; lastKnownFileType = sourcecode.javascript; path = gutil.js; sourceTree = "<group>"; };
		71E6EE281B891DEE0009A25F /* JSBridge.swift */ = {isa = PBXFileReference; fileEncoding = 4; lastKnownFileType = sourcecode.swift; path = JSBridge.swift; sourceTree = "<group>"; };
		71E6EE2A1B8923DF0009A25F /* init.swift */ = {isa = PBXFileReference; fileEncoding = 4; lastKnownFileType = sourcecode.swift; path = init.swift; sourceTree = "<group>"; };
		71E6EE2C1B892BA50009A25F /* JSBridgeExports.swift */ = {isa = PBXFileReference; fileEncoding = 4; lastKnownFileType = sourcecode.swift; path = JSBridgeExports.swift; sourceTree = "<group>"; };
/* End PBXFileReference section */

/* Begin PBXFrameworksBuildPhase section */
		718E47731B88A00B00540B81 /* Frameworks */ = {
			isa = PBXFrameworksBuildPhase;
			buildActionMask = 2147483647;
			files = (
			);
			runOnlyForDeploymentPostprocessing = 0;
		};
/* End PBXFrameworksBuildPhase section */

/* Begin PBXGroup section */
		712E1A0D1B8A11B5008CF2ED /* Utils */ = {
			isa = PBXGroup;
			children = (
				712E1A0E1B8A1203008CF2ED /* BundleResources.swift */,
				714D37C11B8B658A00D6CAFC /* NSDictionaryHelper.swift */,
				712E1A101B8A1FBC008CF2ED /* WebView.swift */,
			);
			name = Utils;
			sourceTree = "<group>";
		};
		718E476D1B88A00B00540B81 = {
			isa = PBXGroup;
			children = (
				71DC9D3C1B8E3DF600F69342 /* application */,
				718E47781B88A00B00540B81 /* SoundWarp */,
				718E47771B88A00B00540B81 /* Products */,
			);
			sourceTree = "<group>";
		};
		718E47771B88A00B00540B81 /* Products */ = {
			isa = PBXGroup;
			children = (
				718E47761B88A00B00540B81 /* SoundWarp.app */,
			);
			name = Products;
			sourceTree = "<group>";
		};
		718E47781B88A00B00540B81 /* SoundWarp */ = {
			isa = PBXGroup;
			children = (
				71E6EE2E1B892F070009A25F /* WebView */,
				712E1A0D1B8A11B5008CF2ED /* Utils */,
				718E47791B88A00B00540B81 /* AppDelegate.swift */,
				71E6EE2A1B8923DF0009A25F /* init.swift */,
				718E477B1B88A00C00540B81 /* Assets.xcassets */,
				718E477D1B88A00C00540B81 /* MainMenu.xib */,
				718E47801B88A00C00540B81 /* Info.plist */,
			);
			path = SoundWarp;
			sourceTree = "<group>";
		};
		71DC9D3C1B8E3DF600F69342 /* application */ = {
			isa = PBXGroup;
			children = (
				71DC9D3D1B8E3DF600F69342 /* .eslintrc */,
				71DC9D3E1B8E3DF600F69342 /* .gitignore */,
				71DC9D3F1B8E3DF600F69342 /* dist */,
				71DC9D411B8E3DF600F69342 /* gulpfile.js */,
				71DCD5451B8E3E1800F69342 /* package.json */,
				71DCD5461B8E3E1800F69342 /* source */,
				71DCD54F1B8E3E1800F69342 /* tasks */,
			);
			path = application;
			sourceTree = "<group>";
		};
		71DC9D3F1B8E3DF600F69342 /* dist */ = {
			isa = PBXGroup;
			children = (
				71DC9D401B8E3DF600F69342 /* index.html */,
			);
			path = dist;
			sourceTree = "<group>";
		};
		71DCD5461B8E3E1800F69342 /* source */ = {
			isa = PBXGroup;
			children = (
				71DCD5471B8E3E1800F69342 /* css */,
				71DCD54A1B8E3E1800F69342 /* html */,
				71DCD54B1B8E3E1800F69342 /* images */,
				71DCD54C1B8E3E1800F69342 /* index.html */,
				71DCD54D1B8E3E1800F69342 /* js */,
			);
			path = source;
			sourceTree = "<group>";
		};
		71DCD5471B8E3E1800F69342 /* css */ = {
			isa = PBXGroup;
			children = (
				71DCD5481B8E3E1800F69342 /* glyphicons.css */,
				71DCD5491B8E3E1800F69342 /* styles.css */,
			);
			path = css;
			sourceTree = "<group>";
		};
		71DCD54A1B8E3E1800F69342 /* html */ = {
			isa = PBXGroup;
			children = (
			);
			path = html;
			sourceTree = "<group>";
		};
		71DCD54B1B8E3E1800F69342 /* images */ = {
			isa = PBXGroup;
			children = (
			);
			path = images;
			sourceTree = "<group>";
		};
		71DCD54D1B8E3E1800F69342 /* js */ = {
			isa = PBXGroup;
			children = (
				71DCD54E1B8E3E1800F69342 /* app_bridge.js */,
			);
			path = js;
			sourceTree = "<group>";
		};
		71DCD54F1B8E3E1800F69342 /* tasks */ = {
			isa = PBXGroup;
			children = (
				71DCD5501B8E3E1800F69342 /* default.js */,
				71DCD5511B8E3E1800F69342 /* helpers */,
			);
			path = tasks;
			sourceTree = "<group>";
		};
		71DCD5511B8E3E1800F69342 /* helpers */ = {
			isa = PBXGroup;
			children = (
				71DCD5521B8E3E1800F69342 /* gutil.js */,
			);
			path = helpers;
			sourceTree = "<group>";
		};
		71E6EE2E1B892F070009A25F /* WebView */ = {
			isa = PBXGroup;
			children = (
				71E6EE281B891DEE0009A25F /* JSBridge.swift */,
				71E6EE2C1B892BA50009A25F /* JSBridgeExports.swift */,
			);
			name = WebView;
			sourceTree = "<group>";
		};
/* End PBXGroup section */

/* Begin PBXNativeTarget section */
		718E47751B88A00B00540B81 /* SoundWarp */ = {
			isa = PBXNativeTarget;
			buildConfigurationList = 718E47831B88A00C00540B81 /* Build configuration list for PBXNativeTarget "SoundWarp" */;
			buildPhases = (
				718E47721B88A00B00540B81 /* Sources */,
				718E47731B88A00B00540B81 /* Frameworks */,
				718E47741B88A00B00540B81 /* Resources */,
			);
			buildRules = (
			);
			dependencies = (
			);
			name = SoundWarp;
			productName = SoundWarp;
			productReference = 718E47761B88A00B00540B81 /* SoundWarp.app */;
			productType = "com.apple.product-type.application";
		};
/* End PBXNativeTarget section */

/* Begin PBXProject section */
		718E476E1B88A00B00540B81 /* Project object */ = {
			isa = PBXProject;
			attributes = {
				LastUpgradeCheck = 0700;
				ORGANIZATIONNAME = "Dmitry Kholodilin";
				TargetAttributes = {
					718E47751B88A00B00540B81 = {
						CreatedOnToolsVersion = 7.0;
					};
				};
			};
			buildConfigurationList = 718E47711B88A00B00540B81 /* Build configuration list for PBXProject "SoundWarp" */;
			compatibilityVersion = "Xcode 3.2";
			developmentRegion = English;
			hasScannedForEncodings = 0;
			knownRegions = (
				en,
				Base,
			);
			mainGroup = 718E476D1B88A00B00540B81;
			productRefGroup = 718E47771B88A00B00540B81 /* Products */;
			projectDirPath = "";
			projectRoot = "";
			targets = (
				718E47751B88A00B00540B81 /* SoundWarp */,
			);
		};
/* End PBXProject section */

/* Begin PBXResourcesBuildPhase section */
		718E47741B88A00B00540B81 /* Resources */ = {
			isa = PBXResourcesBuildPhase;
			buildActionMask = 2147483647;
			files = (
				718E477C1B88A00C00540B81 /* Assets.xcassets in Resources */,
				718E477F1B88A00C00540B81 /* MainMenu.xib in Resources */,
				7153F5051B8E557E0067A636 /* index.html in Resources */,
			);
			runOnlyForDeploymentPostprocessing = 0;
		};
/* End PBXResourcesBuildPhase section */

/* Begin PBXSourcesBuildPhase section */
		718E47721B88A00B00540B81 /* Sources */ = {
			isa = PBXSourcesBuildPhase;
			buildActionMask = 2147483647;
			files = (
				71E6EE2B1B8923DF0009A25F /* init.swift in Sources */,
				714D37C21B8B658A00D6CAFC /* NSDictionaryHelper.swift in Sources */,
				712E1A0F1B8A1203008CF2ED /* BundleResources.swift in Sources */,
				718E477A1B88A00B00540B81 /* AppDelegate.swift in Sources */,
				712E1A111B8A1FBC008CF2ED /* WebView.swift in Sources */,
				71E6EE291B891DEE0009A25F /* JSBridge.swift in Sources */,
				71E6EE2D1B892BA50009A25F /* JSBridgeExports.swift in Sources */,
			);
			runOnlyForDeploymentPostprocessing = 0;
		};
/* End PBXSourcesBuildPhase section */

/* Begin PBXVariantGroup section */
		718E477D1B88A00C00540B81 /* MainMenu.xib */ = {
			isa = PBXVariantGroup;
			children = (
				718E477E1B88A00C00540B81 /* Base */,
			);
			name = MainMenu.xib;
			sourceTree = "<group>";
		};
/* End PBXVariantGroup section */

/* Begin XCBuildConfiguration section */
		718E47811B88A00C00540B81 /* Debug */ = {
			isa = XCBuildConfiguration;
			buildSettings = {
				ALWAYS_SEARCH_USER_PATHS = NO;
				CLANG_CXX_LANGUAGE_STANDARD = "gnu++0x";
				CLANG_CXX_LIBRARY = "libc++";
				CLANG_ENABLE_MODULES = YES;
				CLANG_ENABLE_OBJC_ARC = YES;
				CLANG_WARN_BOOL_CONVERSION = YES;
				CLANG_WARN_CONSTANT_CONVERSION = YES;
				CLANG_WARN_DIRECT_OBJC_ISA_USAGE = YES_ERROR;
				CLANG_WARN_EMPTY_BODY = YES;
				CLANG_WARN_ENUM_CONVERSION = YES;
				CLANG_WARN_INT_CONVERSION = YES;
				CLANG_WARN_OBJC_ROOT_CLASS = YES_ERROR;
				CLANG_WARN_UNREACHABLE_CODE = YES;
				CLANG_WARN__DUPLICATE_METHOD_MATCH = YES;
				CODE_SIGN_IDENTITY = "-";
				COPY_PHASE_STRIP = NO;
				DEBUG_INFORMATION_FORMAT = dwarf;
				ENABLE_STRICT_OBJC_MSGSEND = YES;
				ENABLE_TESTABILITY = YES;
				GCC_C_LANGUAGE_STANDARD = gnu99;
				GCC_DYNAMIC_NO_PIC = NO;
				GCC_NO_COMMON_BLOCKS = YES;
				GCC_OPTIMIZATION_LEVEL = 0;
				GCC_PREPROCESSOR_DEFINITIONS = (
					"DEBUG=1",
					"$(inherited)",
				);
				GCC_WARN_64_TO_32_BIT_CONVERSION = YES;
				GCC_WARN_ABOUT_RETURN_TYPE = YES_ERROR;
				GCC_WARN_UNDECLARED_SELECTOR = YES;
				GCC_WARN_UNINITIALIZED_AUTOS = YES_AGGRESSIVE;
				GCC_WARN_UNUSED_FUNCTION = YES;
				GCC_WARN_UNUSED_VARIABLE = YES;
				MACOSX_DEPLOYMENT_TARGET = 10.11;
				MTL_ENABLE_DEBUG_INFO = YES;
				ONLY_ACTIVE_ARCH = YES;
				SDKROOT = macosx;
				SWIFT_OPTIMIZATION_LEVEL = "-Onone";
			};
			name = Debug;
		};
		718E47821B88A00C00540B81 /* Release */ = {
			isa = XCBuildConfiguration;
			buildSettings = {
				ALWAYS_SEARCH_USER_PATHS = NO;
				CLANG_CXX_LANGUAGE_STANDARD = "gnu++0x";
				CLANG_CXX_LIBRARY = "libc++";
				CLANG_ENABLE_MODULES = YES;
				CLANG_ENABLE_OBJC_ARC = YES;
				CLANG_WARN_BOOL_CONVERSION = YES;
				CLANG_WARN_CONSTANT_CONVERSION = YES;
				CLANG_WARN_DIRECT_OBJC_ISA_USAGE = YES_ERROR;
				CLANG_WARN_EMPTY_BODY = YES;
				CLANG_WARN_ENUM_CONVERSION = YES;
				CLANG_WARN_INT_CONVERSION = YES;
				CLANG_WARN_OBJC_ROOT_CLASS = YES_ERROR;
				CLANG_WARN_UNREACHABLE_CODE = YES;
				CLANG_WARN__DUPLICATE_METHOD_MATCH = YES;
				CODE_SIGN_IDENTITY = "-";
				COPY_PHASE_STRIP = NO;
				DEBUG_INFORMATION_FORMAT = "dwarf-with-dsym";
				ENABLE_NS_ASSERTIONS = NO;
				ENABLE_STRICT_OBJC_MSGSEND = YES;
				GCC_C_LANGUAGE_STANDARD = gnu99;
				GCC_NO_COMMON_BLOCKS = YES;
				GCC_WARN_64_TO_32_BIT_CONVERSION = YES;
				GCC_WARN_ABOUT_RETURN_TYPE = YES_ERROR;
				GCC_WARN_UNDECLARED_SELECTOR = YES;
				GCC_WARN_UNINITIALIZED_AUTOS = YES_AGGRESSIVE;
				GCC_WARN_UNUSED_FUNCTION = YES;
				GCC_WARN_UNUSED_VARIABLE = YES;
				MACOSX_DEPLOYMENT_TARGET = 10.11;
				MTL_ENABLE_DEBUG_INFO = NO;
				SDKROOT = macosx;
			};
			name = Release;
		};
		718E47841B88A00C00540B81 /* Debug */ = {
			isa = XCBuildConfiguration;
			buildSettings = {
				ASSETCATALOG_COMPILER_APPICON_NAME = AppIcon;
				COMBINE_HIDPI_IMAGES = YES;
				INFOPLIST_FILE = SoundWarp/Info.plist;
				LD_RUNPATH_SEARCH_PATHS = "$(inherited) @executable_path/../Frameworks";
				MACOSX_DEPLOYMENT_TARGET = 10.11;
				PRODUCT_BUNDLE_IDENTIFIER = com.dkfiresky.SoundWarp.debug;
				PRODUCT_NAME = "$(TARGET_NAME)";
			};
			name = Debug;
		};
		718E47851B88A00C00540B81 /* Release */ = {
			isa = XCBuildConfiguration;
			buildSettings = {
				ASSETCATALOG_COMPILER_APPICON_NAME = AppIcon;
				COMBINE_HIDPI_IMAGES = YES;
				INFOPLIST_FILE = SoundWarp/Info.plist;
				LD_RUNPATH_SEARCH_PATHS = "$(inherited) @executable_path/../Frameworks";
				MACOSX_DEPLOYMENT_TARGET = 10.11;
				PRODUCT_BUNDLE_IDENTIFIER = com.dkfiresky.SoundWarp.debug;
				PRODUCT_NAME = "$(TARGET_NAME)";
			};
			name = Release;
		};
/* End XCBuildConfiguration section */

/* Begin XCConfigurationList section */
		718E47711B88A00B00540B81 /* Build configuration list for PBXProject "SoundWarp" */ = {
			isa = XCConfigurationList;
			buildConfigurations = (
				718E47811B88A00C00540B81 /* Debug */,
				718E47821B88A00C00540B81 /* Release */,
			);
			defaultConfigurationIsVisible = 0;
			defaultConfigurationName = Release;
		};
		718E47831B88A00C00540B81 /* Build configuration list for PBXNativeTarget "SoundWarp" */ = {
			isa = XCConfigurationList;
			buildConfigurations = (
				718E47841B88A00C00540B81 /* Debug */,
				718E47851B88A00C00540B81 /* Release */,
			);
			defaultConfigurationIsVisible = 0;
			defaultConfigurationName = Release;
		};
/* End XCConfigurationList section */
	};
	rootObject = 718E476E1B88A00B00540B81 /* Project object */;
}
